
Microsoft Visual Studio Solution File, Format Version 12.00
# Visual Studio Version 17
VisualStudioVersion = 17.9.34622.214
MinimumVisualStudioVersion = 10.0.40219.1
Project("{9A19103F-16F7-4668-BE54-9A1E7A4F7556}") = "ImageDownsizer", "ImageDownsizer.csproj", "{B2A85263-FF91-48E2-A05D-393DEACE50FF}"
EndProject
Global
	GlobalSection(SolutionConfigurationPlatforms) = preSolution
		Debug|Any CPU = Debug|Any CPU
		Release|Any CPU = Release|Any CPU
	EndGlobalSection
	GlobalSection(ProjectConfigurationPlatforms) = postSolution
		{B2A85263-FF91-48E2-A05D-393DEACE50FF}.Debug|Any CPU.ActiveCfg = Debug|Any CPU
		{B2A85263-FF91-48E2-A05D-393DEACE50FF}.Debug|Any CPU.Build.0 = Debug|Any CPU
		{B2A85263-FF91-48E2-A05D-393DEACE50FF}.Release|Any CPU.ActiveCfg = Release|Any CPU
		{B2A85263-FF91-48E2-A05D-393DEACE50FF}.Release|Any CPU.Build.0 = Release|Any CPU
	EndGlobalSection
	GlobalSection(SolutionProperties) = preSolution
		HideSolutionNode = FALSE
	EndGlobalSection
	GlobalSection(ExtensibilityGlobals) = postSolution
		SolutionGuid = {DF7BC416-572B-4AB7-955E-0094EFAEDB9C}
	EndGlobalSection
EndGlobal
